
Microsoft Visual Studio Solution File, Format Version 12.00
# Visual Studio 15
Project("{FAE04EC0-301F-11D3-BF4B-00C04F79EFBC}") = "Assembly-CSharp", "Assembly-CSharp.csproj", "{44A3551C-5F15-71DB-F8C2-DAF6DC51E5F5}"
EndProject
Project("{FAE04EC0-301F-11D3-BF4B-00C04F79EFBC}") = "Assembly-CSharp-Editor", "Assembly-CSharp-Editor.csproj", "{FA51B170-A3FD-F896-9F1D-73622977E258}"
EndProject
Global
	GlobalSection(SolutionConfigurationPlatforms) = preSolution
		Debug|Any CPU = Debug|Any CPU
		Release|Any CPU = Release|Any CPU
	EndGlobalSection
	GlobalSection(ProjectConfigurationPlatforms) = postSolution
		{44A3551C-5F15-71DB-F8C2-DAF6DC51E5F5}.Debug|Any CPU.ActiveCfg = Debug|Any CPU
		{44A3551C-5F15-71DB-F8C2-DAF6DC51E5F5}.Debug|Any CPU.Build.0 = Debug|Any CPU
		{44A3551C-5F15-71DB-F8C2-DAF6DC51E5F5}.Release|Any CPU.ActiveCfg = Release|Any CPU
		{44A3551C-5F15-71DB-F8C2-DAF6DC51E5F5}.Release|Any CPU.Build.0 = Release|Any CPU
		{FA51B170-A3FD-F896-9F1D-73622977E258}.Debug|Any CPU.ActiveCfg = Debug|Any CPU
		{FA51B170-A3FD-F896-9F1D-73622977E258}.Debug|Any CPU.Build.0 = Debug|Any CPU
		{FA51B170-A3FD-F896-9F1D-73622977E258}.Release|Any CPU.ActiveCfg = Release|Any CPU
		{FA51B170-A3FD-F896-9F1D-73622977E258}.Release|Any CPU.Build.0 = Release|Any CPU
	EndGlobalSection
	GlobalSection(SolutionProperties) = preSolution
		HideSolutionNode = FALSE
	EndGlobalSection
	GlobalSection(MonoDevelopProperties) = preSolution
		StartupItem = Assembly-CSharp.csproj
	EndGlobalSection
EndGlobal
